
Microsoft Visual Studio Solution File, Format Version 12.00
# Visual Studio Version 17
VisualStudioVersion = 17.4.33205.214
MinimumVisualStudioVersion = 10.0.40219.1
Project("{FAE04EC0-301F-11D3-BF4B-00C04F79EFBC}") = "Permisos", "Permisos\Permisos.csproj", "{541790A4-DB32-4392-82BB-BF76331E800F}"
EndProject
Global
	GlobalSection(SolutionConfigurationPlatforms) = preSolution
		Debug|Any CPU = Debug|Any CPU
		Debug|x64 = Debug|x64
		Release|Any CPU = Release|Any CPU
		Release|x64 = Release|x64
	EndGlobalSection
	GlobalSection(ProjectConfigurationPlatforms) = postSolution
		{541790A4-DB32-4392-82BB-BF76331E800F}.Debug|Any CPU.ActiveCfg = Debug|Any CPU
		{541790A4-DB32-4392-82BB-BF76331E800F}.Debug|Any CPU.Build.0 = Debug|Any CPU
		{541790A4-DB32-4392-82BB-BF76331E800F}.Debug|x64.ActiveCfg = Debug|x64
		{541790A4-DB32-4392-82BB-BF76331E800F}.Debug|x64.Build.0 = Debug|x64
		{541790A4-DB32-4392-82BB-BF76331E800F}.Release|Any CPU.ActiveCfg = Release|Any CPU
		{541790A4-DB32-4392-82BB-BF76331E800F}.Release|Any CPU.Build.0 = Release|Any CPU
		{541790A4-DB32-4392-82BB-BF76331E800F}.Release|x64.ActiveCfg = Release|x64
		{541790A4-DB32-4392-82BB-BF76331E800F}.Release|x64.Build.0 = Release|x64
	EndGlobalSection
	GlobalSection(SolutionProperties) = preSolution
		HideSolutionNode = FALSE
	EndGlobalSection
	GlobalSection(ExtensibilityGlobals) = postSolution
		SolutionGuid = {CB610879-D519-466B-B1C2-6C2E9DAE6AA7}
	EndGlobalSection
EndGlobal
